
Microsoft Visual Studio Solution File, Format Version 12.00
# Visual Studio Version 16
VisualStudioVersion = 16.0.30907.101
MinimumVisualStudioVersion = 10.0.40219.1
Project("{FAE04EC0-301F-11D3-BF4B-00C04F79EFBC}") = "Imperium", "Imperium\Imperium.csproj", "{AA2E930D-CAA3-4AC6-88CE-9F17BC89CB23}"
EndProject
Global
	GlobalSection(SolutionConfigurationPlatforms) = preSolution
		Debug|Any CPU = Debug|Any CPU
		Release|Any CPU = Release|Any CPU
	EndGlobalSection
	GlobalSection(ProjectConfigurationPlatforms) = postSolution
		{AA2E930D-CAA3-4AC6-88CE-9F17BC89CB23}.Debug|Any CPU.ActiveCfg = Debug|Any CPU
		{AA2E930D-CAA3-4AC6-88CE-9F17BC89CB23}.Debug|Any CPU.Build.0 = Debug|Any CPU
		{AA2E930D-CAA3-4AC6-88CE-9F17BC89CB23}.Release|Any CPU.ActiveCfg = Release|Any CPU
		{AA2E930D-CAA3-4AC6-88CE-9F17BC89CB23}.Release|Any CPU.Build.0 = Release|Any CPU
	EndGlobalSection
	GlobalSection(SolutionProperties) = preSolution
		HideSolutionNode = FALSE
	EndGlobalSection
	GlobalSection(ExtensibilityGlobals) = postSolution
		SolutionGuid = {BFF303A0-970C-4EC8-8C12-29E1A654AF75}
	EndGlobalSection
EndGlobal
